
Microsoft Visual Studio Solution File, Format Version 12.00
# Visual Studio Version 16
VisualStudioVersion = 16.0.30413.136
MinimumVisualStudioVersion = 10.0.40219.1
Project("{FAE04EC0-301F-11D3-BF4B-00C04F79EFBC}") = "trianglePetrov", "trianglePetrov.csproj", "{C1AA42A7-D7AC-467C-A82C-1B025CD96972}"
EndProject
Global
	GlobalSection(SolutionConfigurationPlatforms) = preSolution
		Debug|Any CPU = Debug|Any CPU
		Release|Any CPU = Release|Any CPU
	EndGlobalSection
	GlobalSection(ProjectConfigurationPlatforms) = postSolution
		{C1AA42A7-D7AC-467C-A82C-1B025CD96972}.Debug|Any CPU.ActiveCfg = Debug|Any CPU
		{C1AA42A7-D7AC-467C-A82C-1B025CD96972}.Debug|Any CPU.Build.0 = Debug|Any CPU
		{C1AA42A7-D7AC-467C-A82C-1B025CD96972}.Release|Any CPU.ActiveCfg = Release|Any CPU
		{C1AA42A7-D7AC-467C-A82C-1B025CD96972}.Release|Any CPU.Build.0 = Release|Any CPU
	EndGlobalSection
	GlobalSection(SolutionProperties) = preSolution
		HideSolutionNode = FALSE
	EndGlobalSection
	GlobalSection(ExtensibilityGlobals) = postSolution
		SolutionGuid = {1CF63D89-D3CC-4F06-885F-548D77C8D2BF}
	EndGlobalSection
EndGlobal
